// !$*UTF8*$!
{
	archiveVersion = 1;
	classes = {
	};
	objectVersion = 46;
	objects = {

/* Begin PBXBuildFile section */
		F3435B391B0B6CEC001C7694 /* AppDelegate.swift in Sources */ = {isa = PBXBuildFile; fileRef = F3435B381B0B6CEC001C7694 /* AppDelegate.swift */; };
		F3435B3B1B0B6CEC001C7694 /* LevelViewController.swift in Sources */ = {isa = PBXBuildFile; fileRef = F3435B3A1B0B6CEC001C7694 /* LevelViewController.swift */; };
		F3435B3E1B0B6CEC001C7694 /* Main.storyboard in Resources */ = {isa = PBXBuildFile; fileRef = F3435B3C1B0B6CEC001C7694 /* Main.storyboard */; };
		F3435B401B0B6CEC001C7694 /* Images.xcassets in Resources */ = {isa = PBXBuildFile; fileRef = F3435B3F1B0B6CEC001C7694 /* Images.xcassets */; };
		F3435B431B0B6CEC001C7694 /* LaunchScreen.xib in Resources */ = {isa = PBXBuildFile; fileRef = F3435B411B0B6CEC001C7694 /* LaunchScreen.xib */; };
		F3435B4F1B0B6CED001C7694 /* SmashTests.swift in Sources */ = {isa = PBXBuildFile; fileRef = F3435B4E1B0B6CED001C7694 /* SmashTests.swift */; };
		F3AEB0481B0BBEE100D07DED /* BallCountView.swift in Sources */ = {isa = PBXBuildFile; fileRef = F3AEB0471B0BBEE100D07DED /* BallCountView.swift */; };
		F3AEB04A1B0BBEF200D07DED /* BallView.swift in Sources */ = {isa = PBXBuildFile; fileRef = F3AEB0491B0BBEF200D07DED /* BallView.swift */; };
		F3AEB04C1B0BBF0600D07DED /* BrickView.swift in Sources */ = {isa = PBXBuildFile; fileRef = F3AEB04B1B0BBF0600D07DED /* BrickView.swift */; };
		F3AEB04E1B0BBF1600D07DED /* PaddleView.swift in Sources */ = {isa = PBXBuildFile; fileRef = F3AEB04D1B0BBF1600D07DED /* PaddleView.swift */; };
		F3AEB0501B0CCF4600D07DED /* GameData.swift in Sources */ = {isa = PBXBuildFile; fileRef = F3AEB04F1B0CCF4600D07DED /* GameData.swift */; };
		F3AEB0531B0CE07700D07DED /* StartViewController.swift in Sources */ = {isa = PBXBuildFile; fileRef = F3AEB0521B0CE07700D07DED /* StartViewController.swift */; };
		F3AEB0551B0CE08800D07DED /* DoneViewController.swift in Sources */ = {isa = PBXBuildFile; fileRef = F3AEB0541B0CE08800D07DED /* DoneViewController.swift */; };
		F3AEB0581B0CE5C500D07DED /* Rock_'s Death.ttf in Resources */ = {isa = PBXBuildFile; fileRef = F3AEB0511B0CDF7800D07DED /* Rock_'s Death.ttf */; };
/* End PBXBuildFile section */

/* Begin PBXContainerItemProxy section */
		F3435B491B0B6CED001C7694 /* PBXContainerItemProxy */ = {
			isa = PBXContainerItemProxy;
			containerPortal = F3435B2B1B0B6CEC001C7694 /* Project object */;
			proxyType = 1;
			remoteGlobalIDString = F3435B321B0B6CEC001C7694;
			remoteInfo = Smash;
		};
/* End PBXContainerItemProxy section */

/* Begin PBXFileReference section */
		F3435B331B0B6CEC001C7694 /* Smash.app */ = {isa = PBXFileReference; explicitFileType = wrapper.application; includeInIndex = 0; path = Smash.app; sourceTree = BUILT_PRODUCTS_DIR; };
		F3435B371B0B6CEC001C7694 /* Info.plist */ = {isa = PBXFileReference; lastKnownFileType = text.plist.xml; path = Info.plist; sourceTree = "<group>"; };
		F3435B381B0B6CEC001C7694 /* AppDelegate.swift */ = {isa = PBXFileReference; lastKnownFileType = sourcecode.swift; path = AppDelegate.swift; sourceTree = "<group>"; };
		F3435B3A1B0B6CEC001C7694 /* LevelViewController.swift */ = {isa = PBXFileReference; lastKnownFileType = sourcecode.swift; path = LevelViewController.swift; sourceTree = "<group>"; };
		F3435B3D1B0B6CEC001C7694 /* Base */ = {isa = PBXFileReference; lastKnownFileType = file.storyboard; name = Base; path = Base.lproj/Main.storyboard; sourceTree = "<group>"; };
		F3435B3F1B0B6CEC001C7694 /* Images.xcassets */ = {isa = PBXFileReference; lastKnownFileType = folder.assetcatalog; path = Images.xcassets; sourceTree = "<group>"; };
		F3435B421B0B6CEC001C7694 /* Base */ = {isa = PBXFileReference; lastKnownFileType = file.xib; name = Base; path = Base.lproj/LaunchScreen.xib; sourceTree = "<group>"; };
		F3435B481B0B6CED001C7694 /* SmashTests.xctest */ = {isa = PBXFileReference; explicitFileType = wrapper.cfbundle; includeInIndex = 0; path = SmashTests.xctest; sourceTree = BUILT_PRODUCTS_DIR; };
		F3435B4D1B0B6CED001C7694 /* Info.plist */ = {isa = PBXFileReference; lastKnownFileType = text.plist.xml; path = Info.plist; sourceTree = "<group>"; };
		F3435B4E1B0B6CED001C7694 /* SmashTests.swift */ = {isa = PBXFileReference; lastKnownFileType = sourcecode.swift; path = SmashTests.swift; sourceTree = "<group>"; };
		F3AEB0471B0BBEE100D07DED /* BallCountView.swift */ = {isa = PBXFileReference; fileEncoding = 4; lastKnownFileType = sourcecode.swift; path = BallCountView.swift; sourceTree = "<group>"; };
		F3AEB0491B0BBEF200D07DED /* BallView.swift */ = {isa = PBXFileReference; fileEncoding = 4; lastKnownFileType = sourcecode.swift; path = BallView.swift; sourceTree = "<group>"; };
		F3AEB04B1B0BBF0600D07DED /* BrickView.swift */ = {isa = PBXFileReference; fileEncoding = 4; lastKnownFileType = sourcecode.swift; path = BrickView.swift; sourceTree = "<group>"; };
		F3AEB04D1B0BBF1600D07DED /* PaddleView.swift */ = {isa = PBXFileReference; fileEncoding = 4; lastKnownFileType = sourcecode.swift; path = PaddleView.swift; sourceTree = "<group>"; };
		F3AEB04F1B0CCF4600D07DED /* GameData.swift */ = {isa = PBXFileReference; fileEncoding = 4; lastKnownFileType = sourcecode.swift; name = GameData.swift; path = ../GameData.swift; sourceTree = "<group>"; };
		F3AEB0511B0CDF7800D07DED /* Rock_'s Death.ttf */ = {isa = PBXFileReference; lastKnownFileType = file; path = "Rock_'s Death.ttf"; sourceTree = "<group>"; };
		F3AEB0521B0CE07700D07DED /* StartViewController.swift */ = {isa = PBXFileReference; fileEncoding = 4; lastKnownFileType = sourcecode.swift; path = StartViewController.swift; sourceTree = "<group>"; };
		F3AEB0541B0CE08800D07DED /* DoneViewController.swift */ = {isa = PBXFileReference; fileEncoding = 4; lastKnownFileType = sourcecode.swift; path = DoneViewController.swift; sourceTree = "<group>"; };
/* End PBXFileReference section */

/* Begin PBXFrameworksBuildPhase section */
		F3435B301B0B6CEC001C7694 /* Frameworks */ = {
			isa = PBXFrameworksBuildPhase;
			buildActionMask = 2147483647;
			files = (
			);
			runOnlyForDeploymentPostprocessing = 0;
		};
		F3435B451B0B6CED001C7694 /* Frameworks */ = {
			isa = PBXFrameworksBuildPhase;
			buildActionMask = 2147483647;
			files = (
			);
			runOnlyForDeploymentPostprocessing = 0;
		};
/* End PBXFrameworksBuildPhase section */

/* Begin PBXGroup section */
		F3435B2A1B0B6CEC001C7694 = {
			isa = PBXGroup;
			children = (
				F3435B3C1B0B6CEC001C7694 /* Main.storyboard */,
				F3435B351B0B6CEC001C7694 /* Smash */,
				F3435B4B1B0B6CED001C7694 /* SmashTests */,
				F3435B341B0B6CEC001C7694 /* Products */,
			);
			sourceTree = "<group>";
		};
		F3435B341B0B6CEC001C7694 /* Products */ = {
			isa = PBXGroup;
			children = (
				F3435B331B0B6CEC001C7694 /* Smash.app */,
				F3435B481B0B6CED001C7694 /* SmashTests.xctest */,
			);
			name = Products;
			sourceTree = "<group>";
		};
		F3435B351B0B6CEC001C7694 /* Smash */ = {
			isa = PBXGroup;
			children = (
				F3AEB0571B0CE0A200D07DED /* Level */,
				F3AEB0561B0CE09300D07DED /* Model */,
				F3AEB0521B0CE07700D07DED /* StartViewController.swift */,
				F3AEB0541B0CE08800D07DED /* DoneViewController.swift */,
				F3435B361B0B6CEC001C7694 /* Supporting Files */,
			);
			path = Smash;
			sourceTree = "<group>";
		};
		F3435B361B0B6CEC001C7694 /* Supporting Files */ = {
			isa = PBXGroup;
			children = (
				F3AEB0511B0CDF7800D07DED /* Rock_'s Death.ttf */,
				F3435B381B0B6CEC001C7694 /* AppDelegate.swift */,
				F3435B411B0B6CEC001C7694 /* LaunchScreen.xib */,
				F3435B3F1B0B6CEC001C7694 /* Images.xcassets */,
				F3435B371B0B6CEC001C7694 /* Info.plist */,
			);
			name = "Supporting Files";
			sourceTree = "<group>";
		};
		F3435B4B1B0B6CED001C7694 /* SmashTests */ = {
			isa = PBXGroup;
			children = (
				F3435B4E1B0B6CED001C7694 /* SmashTests.swift */,
				F3435B4C1B0B6CED001C7694 /* Supporting Files */,
			);
			path = SmashTests;
			sourceTree = "<group>";
		};
		F3435B4C1B0B6CED001C7694 /* Supporting Files */ = {
			isa = PBXGroup;
			children = (
				F3435B4D1B0B6CED001C7694 /* Info.plist */,
			);
			name = "Supporting Files";
			sourceTree = "<group>";
		};
		F3AEB0561B0CE09300D07DED /* Model */ = {
			isa = PBXGroup;
			children = (
				F3AEB04F1B0CCF4600D07DED /* GameData.swift */,
			);
			name = Model;
			sourceTree = "<group>";
		};
		F3AEB0571B0CE0A200D07DED /* Level */ = {
			isa = PBXGroup;
			children = (
				F3435B3A1B0B6CEC001C7694 /* LevelViewController.swift */,
				F3AEB0471B0BBEE100D07DED /* BallCountView.swift */,
				F3AEB0491B0BBEF200D07DED /* BallView.swift */,
				F3AEB04B1B0BBF0600D07DED /* BrickView.swift */,
				F3AEB04D1B0BBF1600D07DED /* PaddleView.swift */,
			);
			name = Level;
			sourceTree = "<group>";
		};
/* End PBXGroup section */

/* Begin PBXNativeTarget section */
		F3435B321B0B6CEC001C7694 /* Smash */ = {
			isa = PBXNativeTarget;
			buildConfigurationList = F3435B521B0B6CED001C7694 /* Build configuration list for PBXNativeTarget "Smash" */;
			buildPhases = (
				F3435B2F1B0B6CEC001C7694 /* Sources */,
				F3435B301B0B6CEC001C7694 /* Frameworks */,
				F3435B311B0B6CEC001C7694 /* Resources */,
			);
			buildRules = (
			);
			dependencies = (
			);
			name = Smash;
			productName = Smash;
			productReference = F3435B331B0B6CEC001C7694 /* Smash.app */;
			productType = "com.apple.product-type.application";
		};
		F3435B471B0B6CED001C7694 /* SmashTests */ = {
			isa = PBXNativeTarget;
			buildConfigurationList = F3435B551B0B6CED001C7694 /* Build configuration list for PBXNativeTarget "SmashTests" */;
			buildPhases = (
				F3435B441B0B6CED001C7694 /* Sources */,
				F3435B451B0B6CED001C7694 /* Frameworks */,
				F3435B461B0B6CED001C7694 /* Resources */,
			);
			buildRules = (
			);
			dependencies = (
				F3435B4A1B0B6CED001C7694 /* PBXTargetDependency */,
			);
			name = SmashTests;
			productName = SmashTests;
			productReference = F3435B481B0B6CED001C7694 /* SmashTests.xctest */;
			productType = "com.apple.product-type.bundle.unit-test";
		};
/* End PBXNativeTarget section */

/* Begin PBXProject section */
		F3435B2B1B0B6CEC001C7694 /* Project object */ = {
			isa = PBXProject;
			attributes = {
				LastUpgradeCheck = 0630;
				ORGANIZATIONNAME = "Aimee Bragg";
				TargetAttributes = {
					F3435B321B0B6CEC001C7694 = {
						CreatedOnToolsVersion = 6.3.1;
					};
					F3435B471B0B6CED001C7694 = {
						CreatedOnToolsVersion = 6.3.1;
						TestTargetID = F3435B321B0B6CEC001C7694;
					};
				};
			};
			buildConfigurationList = F3435B2E1B0B6CEC001C7694 /* Build configuration list for PBXProject "Smash" */;
			compatibilityVersion = "Xcode 3.2";
			developmentRegion = English;
			hasScannedForEncodings = 0;
			knownRegions = (
				en,
				Base,
			);
			mainGroup = F3435B2A1B0B6CEC001C7694;
			productRefGroup = F3435B341B0B6CEC001C7694 /* Products */;
			projectDirPath = "";
			projectRoot = "";
			targets = (
				F3435B321B0B6CEC001C7694 /* Smash */,
				F3435B471B0B6CED001C7694 /* SmashTests */,
			);
		};
/* End PBXProject section */

/* Begin PBXResourcesBuildPhase section */
		F3435B311B0B6CEC001C7694 /* Resources */ = {
			isa = PBXResourcesBuildPhase;
			buildActionMask = 2147483647;
			files = (
				F3435B3E1B0B6CEC001C7694 /* Main.storyboard in Resources */,
				F3435B431B0B6CEC001C7694 /* LaunchScreen.xib in Resources */,
				F3435B401B0B6CEC001C7694 /* Images.xcassets in Resources */,
				F3AEB0581B0CE5C500D07DED /* Rock_'s Death.ttf in Resources */,
			);
			runOnlyForDeploymentPostprocessing = 0;
		};
		F3435B461B0B6CED001C7694 /* Resources */ = {
			isa = PBXResourcesBuildPhase;
			buildActionMask = 2147483647;
			files = (
			);
			runOnlyForDeploymentPostprocessing = 0;
		};
/* End PBXResourcesBuildPhase section */

/* Begin PBXSourcesBuildPhase section */
		F3435B2F1B0B6CEC001C7694 /* Sources */ = {
			isa = PBXSourcesBuildPhase;
			buildActionMask = 2147483647;
			files = (
				F3435B3B1B0B6CEC001C7694 /* LevelViewController.swift in Sources */,
				F3AEB0531B0CE07700D07DED /* StartViewController.swift in Sources */,
				F3AEB0481B0BBEE100D07DED /* BallCountView.swift in Sources */,
				F3AEB04C1B0BBF0600D07DED /* BrickView.swift in Sources */,
				F3435B391B0B6CEC001C7694 /* AppDelegate.swift in Sources */,
				F3AEB0501B0CCF4600D07DED /* GameData.swift in Sources */,
				F3AEB04E1B0BBF1600D07DED /* PaddleView.swift in Sources */,
				F3AEB0551B0CE08800D07DED /* DoneViewController.swift in Sources */,
				F3AEB04A1B0BBEF200D07DED /* BallView.swift in Sources */,
			);
			runOnlyForDeploymentPostprocessing = 0;
		};
		F3435B441B0B6CED001C7694 /* Sources */ = {
			isa = PBXSourcesBuildPhase;
			buildActionMask = 2147483647;
			files = (
				F3435B4F1B0B6CED001C7694 /* SmashTests.swift in Sources */,
			);
			runOnlyForDeploymentPostprocessing = 0;
		};
/* End PBXSourcesBuildPhase section */

/* Begin PBXTargetDependency section */
		F3435B4A1B0B6CED001C7694 /* PBXTargetDependency */ = {
			isa = PBXTargetDependency;
			target = F3435B321B0B6CEC001C7694 /* Smash */;
			targetProxy = F3435B491B0B6CED001C7694 /* PBXContainerItemProxy */;
		};
/* End PBXTargetDependency section */

/* Begin PBXVariantGroup section */
		F3435B3C1B0B6CEC001C7694 /* Main.storyboard */ = {
			isa = PBXVariantGroup;
			children = (
				F3435B3D1B0B6CEC001C7694 /* Base */,
			);
			name = Main.storyboard;
			path = Smash;
			sourceTree = "<group>";
		};
		F3435B411B0B6CEC001C7694 /* LaunchScreen.xib */ = {
			isa = PBXVariantGroup;
			children = (
				F3435B421B0B6CEC001C7694 /* Base */,
			);
			name = LaunchScreen.xib;
			sourceTree = "<group>";
		};
/* End PBXVariantGroup section */

/* Begin XCBuildConfiguration section */
		F3435B501B0B6CED001C7694 /* Debug */ = {
			isa = XCBuildConfiguration;
			buildSettings = {
				ALWAYS_SEARCH_USER_PATHS = NO;
				CLANG_CXX_LANGUAGE_STANDARD = "gnu++0x";
				CLANG_CXX_LIBRARY = "libc++";
				CLANG_ENABLE_MODULES = YES;
				CLANG_ENABLE_OBJC_ARC = YES;
				CLANG_WARN_BOOL_CONVERSION = YES;
				CLANG_WARN_CONSTANT_CONVERSION = YES;
				CLANG_WARN_DIRECT_OBJC_ISA_USAGE = YES_ERROR;
				CLANG_WARN_EMPTY_BODY = YES;
				CLANG_WARN_ENUM_CONVERSION = YES;
				CLANG_WARN_INT_CONVERSION = YES;
				CLANG_WARN_OBJC_ROOT_CLASS = YES_ERROR;
				CLANG_WARN_UNREACHABLE_CODE = YES;
				CLANG_WARN__DUPLICATE_METHOD_MATCH = YES;
				"CODE_SIGN_IDENTITY[sdk=iphoneos*]" = "iPhone Developer";
				COPY_PHASE_STRIP = NO;
				DEBUG_INFORMATION_FORMAT = "dwarf-with-dsym";
				ENABLE_STRICT_OBJC_MSGSEND = YES;
				GCC_C_LANGUAGE_STANDARD = gnu99;
				GCC_DYNAMIC_NO_PIC = NO;
				GCC_NO_COMMON_BLOCKS = YES;
				GCC_OPTIMIZATION_LEVEL = 0;
				GCC_PREPROCESSOR_DEFINITIONS = (
					"DEBUG=1",
					"$(inherited)",
				);
				GCC_SYMBOLS_PRIVATE_EXTERN = NO;
				GCC_WARN_64_TO_32_BIT_CONVERSION = YES;
				GCC_WARN_ABOUT_RETURN_TYPE = YES_ERROR;
				GCC_WARN_UNDECLARED_SELECTOR = YES;
				GCC_WARN_UNINITIALIZED_AUTOS = YES_AGGRESSIVE;
				GCC_WARN_UNUSED_FUNCTION = YES;
				GCC_WARN_UNUSED_VARIABLE = YES;
				IPHONEOS_DEPLOYMENT_TARGET = 8.3;
				MTL_ENABLE_DEBUG_INFO = YES;
				ONLY_ACTIVE_ARCH = YES;
				SDKROOT = iphoneos;
				SWIFT_OPTIMIZATION_LEVEL = "-Onone";
			};
			name = Debug;
		};
		F3435B511B0B6CED001C7694 /* Release */ = {
			isa = XCBuildConfiguration;
			buildSettings = {
				ALWAYS_SEARCH_USER_PATHS = NO;
				CLANG_CXX_LANGUAGE_STANDARD = "gnu++0x";
				CLANG_CXX_LIBRARY = "libc++";
				CLANG_ENABLE_MODULES = YES;
				CLANG_ENABLE_OBJC_ARC = YES;
				CLANG_WARN_BOOL_CONVERSION = YES;
				CLANG_WARN_CONSTANT_CONVERSION = YES;
				CLANG_WARN_DIRECT_OBJC_ISA_USAGE = YES_ERROR;
				CLANG_WARN_EMPTY_BODY = YES;
				CLANG_WARN_ENUM_CONVERSION = YES;
				CLANG_WARN_INT_CONVERSION = YES;
				CLANG_WARN_OBJC_ROOT_CLASS = YES_ERROR;
				CLANG_WARN_UNREACHABLE_CODE = YES;
				CLANG_WARN__DUPLICATE_METHOD_MATCH = YES;
				"CODE_SIGN_IDENTITY[sdk=iphoneos*]" = "iPhone Developer";
				COPY_PHASE_STRIP = NO;
				DEBUG_INFORMATION_FORMAT = "dwarf-with-dsym";
				ENABLE_NS_ASSERTIONS = NO;
				ENABLE_STRICT_OBJC_MSGSEND = YES;
				GCC_C_LANGUAGE_STANDARD = gnu99;
				GCC_NO_COMMON_BLOCKS = YES;
				GCC_WARN_64_TO_32_BIT_CONVERSION = YES;
				GCC_WARN_ABOUT_RETURN_TYPE = YES_ERROR;
				GCC_WARN_UNDECLARED_SELECTOR = YES;
				GCC_WARN_UNINITIALIZED_AUTOS = YES_AGGRESSIVE;
				GCC_WARN_UNUSED_FUNCTION = YES;
				GCC_WARN_UNUSED_VARIABLE = YES;
				IPHONEOS_DEPLOYMENT_TARGET = 8.3;
				MTL_ENABLE_DEBUG_INFO = NO;
				SDKROOT = iphoneos;
				VALIDATE_PRODUCT = YES;
			};
			name = Release;
		};
		F3435B531B0B6CED001C7694 /* Debug */ = {
			isa = XCBuildConfiguration;
			buildSettings = {
				ASSETCATALOG_COMPILER_APPICON_NAME = AppIcon;
				INFOPLIST_FILE = Smash/Info.plist;
				LD_RUNPATH_SEARCH_PATHS = "$(inherited) @executable_path/Frameworks";
				PRODUCT_NAME = "$(TARGET_NAME)";
			};
			name = Debug;
		};
		F3435B541B0B6CED001C7694 /* Release */ = {
			isa = XCBuildConfiguration;
			buildSettings = {
				ASSETCATALOG_COMPILER_APPICON_NAME = AppIcon;
				INFOPLIST_FILE = Smash/Info.plist;
				LD_RUNPATH_SEARCH_PATHS = "$(inherited) @executable_path/Frameworks";
				PRODUCT_NAME = "$(TARGET_NAME)";
			};
			name = Release;
		};
		F3435B561B0B6CED001C7694 /* Debug */ = {
			isa = XCBuildConfiguration;
			buildSettings = {
				BUNDLE_LOADER = "$(TEST_HOST)";
				FRAMEWORK_SEARCH_PATHS = (
					"$(SDKROOT)/Developer/Library/Frameworks",
					"$(inherited)",
				);
				GCC_PREPROCESSOR_DEFINITIONS = (
					"DEBUG=1",
					"$(inherited)",
				);
				INFOPLIST_FILE = SmashTests/Info.plist;
				LD_RUNPATH_SEARCH_PATHS = "$(inherited) @executable_path/Frameworks @loader_path/Frameworks";
				PRODUCT_NAME = "$(TARGET_NAME)";
				TEST_HOST = "$(BUILT_PRODUCTS_DIR)/Smash.app/Smash";
			};
			name = Debug;
		};
		F3435B571B0B6CED001C7694 /* Release */ = {
			isa = XCBuildConfiguration;
			buildSettings = {
				BUNDLE_LOADER = "$(TEST_HOST)";
				FRAMEWORK_SEARCH_PATHS = (
					"$(SDKROOT)/Developer/Library/Frameworks",
					"$(inherited)",
				);
				INFOPLIST_FILE = SmashTests/Info.plist;
				LD_RUNPATH_SEARCH_PATHS = "$(inherited) @executable_path/Frameworks @loader_path/Frameworks";
				PRODUCT_NAME = "$(TARGET_NAME)";
				TEST_HOST = "$(BUILT_PRODUCTS_DIR)/Smash.app/Smash";
			};
			name = Release;
		};
/* End XCBuildConfiguration section */

/* Begin XCConfigurationList section */
		F3435B2E1B0B6CEC001C7694 /* Build configuration list for PBXProject "Smash" */ = {
			isa = XCConfigurationList;
			buildConfigurations = (
				F3435B501B0B6CED001C7694 /* Debug */,
				F3435B511B0B6CED001C7694 /* Release */,
			);
			defaultConfigurationIsVisible = 0;
			defaultConfigurationName = Release;
		};
		F3435B521B0B6CED001C7694 /* Build configuration list for PBXNativeTarget "Smash" */ = {
			isa = XCConfigurationList;
			buildConfigurations = (
				F3435B531B0B6CED001C7694 /* Debug */,
				F3435B541B0B6CED001C7694 /* Release */,
			);
			defaultConfigurationIsVisible = 0;
			defaultConfigurationName = Release;
		};
		F3435B551B0B6CED001C7694 /* Build configuration list for PBXNativeTarget "SmashTests" */ = {
			isa = XCConfigurationList;
			buildConfigurations = (
				F3435B561B0B6CED001C7694 /* Debug */,
				F3435B571B0B6CED001C7694 /* Release */,
			);
			defaultConfigurationIsVisible = 0;
			defaultConfigurationName = Release;
		};
/* End XCConfigurationList section */
	};
	rootObject = F3435B2B1B0B6CEC001C7694 /* Project object */;
}
